// !$*UTF8*$!
{
	archiveVersion = 1;
	classes = {
	};
	objectVersion = 77;
	objects = {

/* Begin PBXBuildFile section */
		3E6E2C092D3F658E0026950A /* DefaultWeatherRepository.swift in Sources */ = {isa = PBXBuildFile; fileRef = 3E6E2C082D3F658E0026950A /* DefaultWeatherRepository.swift */; };
		3E6E2C0B2D3F6A3B0026950A /* NetworkService.swift in Sources */ = {isa = PBXBuildFile; fileRef = 3E6E2C0A2D3F6A3B0026950A /* NetworkService.swift */; };
		3E6E2C132D3F703F0026950A /* Config.plist in Resources */ = {isa = PBXBuildFile; fileRef = 3E6E2C122D3F703F0026950A /* Config.plist */; };
		3E6E2C152D3F70D00026950A /* AppConfig.swift in Sources */ = {isa = PBXBuildFile; fileRef = 3E6E2C142D3F70D00026950A /* AppConfig.swift */; };
		3E6E2C172D3F755F0026950A /* WeatherResponseDTO.swift in Sources */ = {isa = PBXBuildFile; fileRef = 3E6E2C162D3F755F0026950A /* WeatherResponseDTO.swift */; };
		3E6E2C1A2D3F89020026950A /* Double+Extension.swift in Sources */ = {isa = PBXBuildFile; fileRef = 3E6E2C192D3F89020026950A /* Double+Extension.swift */; };
		3EF2F2EB2D5DDD6D0080AC28 /* UIControl+Extension.swift in Sources */ = {isa = PBXBuildFile; fileRef = 3EF2F2EA2D5DDD6A0080AC28 /* UIControl+Extension.swift */; };
		B02711CC2D884AC5008681DB /* WeatherDetailViewController.swift in Sources */ = {isa = PBXBuildFile; fileRef = B02711C92D884AC5008681DB /* WeatherDetailViewController.swift */; };
		B04F075E2D3E87D10038F50A /* AppDelegate.swift in Sources */ = {isa = PBXBuildFile; fileRef = B04F07542D3E87D10038F50A /* AppDelegate.swift */; };
		B04F075F2D3E87D10038F50A /* SceneDelegate.swift in Sources */ = {isa = PBXBuildFile; fileRef = B04F075B2D3E87D10038F50A /* SceneDelegate.swift */; };
		B04F07602D3E87D10038F50A /* WeatherListViewController.swift in Sources */ = {isa = PBXBuildFile; fileRef = B04F075C2D3E87D10038F50A /* WeatherListViewController.swift */; };
		B04F07612D3E87D10038F50A /* Assets.xcassets in Resources */ = {isa = PBXBuildFile; fileRef = B04F07552D3E87D10038F50A /* Assets.xcassets */; };
		B04F07632D3E87D10038F50A /* LaunchScreen.storyboard in Resources */ = {isa = PBXBuildFile; fileRef = B04F07582D3E87D10038F50A /* LaunchScreen.storyboard */; };
		B04F076C2D3E8A640038F50A /* WeatherListView.swift in Sources */ = {isa = PBXBuildFile; fileRef = B04F076A2D3E8A640038F50A /* WeatherListView.swift */; };
		B04F076D2D3E8A640038F50A /* WeatherListView.xib in Resources */ = {isa = PBXBuildFile; fileRef = B04F076B2D3E8A640038F50A /* WeatherListView.xib */; };
		B04F076F2D3E8A990038F50A /* WeatherListViewModel.swift in Sources */ = {isa = PBXBuildFile; fileRef = B04F076E2D3E8A990038F50A /* WeatherListViewModel.swift */; };
		B04F07782D3E8D410038F50A /* Sets.swift in Sources */ = {isa = PBXBuildFile; fileRef = B04F07772D3E8D410038F50A /* Sets.swift */; };
		B04F077A2D3E8D7B0038F50A /* +Sets.swift in Sources */ = {isa = PBXBuildFile; fileRef = B04F07792D3E8D7B0038F50A /* +Sets.swift */; };
		B04F077D2D3E8DD60038F50A /* WeatherListTableViewCell.swift in Sources */ = {isa = PBXBuildFile; fileRef = B04F077B2D3E8DD60038F50A /* WeatherListTableViewCell.swift */; };
		B04F077E2D3E8DD60038F50A /* WeatherListTableViewCell.xib in Resources */ = {isa = PBXBuildFile; fileRef = B04F077C2D3E8DD60038F50A /* WeatherListTableViewCell.xib */; };
		B04F07812D3E904F0038F50A /* CityWeather.swift in Sources */ = {isa = PBXBuildFile; fileRef = B04F07802D3E904F0038F50A /* CityWeather.swift */; };
		B04F07832D3E91A80038F50A /* DefaultFetchWeatherUseCase.swift in Sources */ = {isa = PBXBuildFile; fileRef = B04F07822D3E91A80038F50A /* DefaultFetchWeatherUseCase.swift */; };
		B05F0C402D899E5100F213CF /* WeatherForecastResponseDTO.swift in Sources */ = {isa = PBXBuildFile; fileRef = B05F0C3F2D899E5100F213CF /* WeatherForecastResponseDTO.swift */; };
		B05F0C422D899EB500F213CF /* WeatherListRouter.swift in Sources */ = {isa = PBXBuildFile; fileRef = B05F0C412D899EB500F213CF /* WeatherListRouter.swift */; };
		B05F0C442D89A08300F213CF /* WeatherDetailRouter.swift in Sources */ = {isa = PBXBuildFile; fileRef = B05F0C432D89A08300F213CF /* WeatherDetailRouter.swift */; };
		B0BF82612D89A1B6006F8305 /* WeatherDetailView.swift in Sources */ = {isa = PBXBuildFile; fileRef = B0BF825F2D89A1B6006F8305 /* WeatherDetailView.swift */; };
		B0BF82622D89A1B6006F8305 /* WeatherDetailView.xib in Resources */ = {isa = PBXBuildFile; fileRef = B0BF82602D89A1B6006F8305 /* WeatherDetailView.xib */; };
		B0BF82642D89A2EE006F8305 /* WeatherDetailViewModel.swift in Sources */ = {isa = PBXBuildFile; fileRef = B0BF82632D89A2EE006F8305 /* WeatherDetailViewModel.swift */; };
		B0BF82662D89AE4D006F8305 /* CityWeatherForecast.swift in Sources */ = {isa = PBXBuildFile; fileRef = B0BF82652D89AE4D006F8305 /* CityWeatherForecast.swift */; };
		B0BF82682D89B0B0006F8305 /* DefaultFetchWeatherForecastUseCase.swift in Sources */ = {isa = PBXBuildFile; fileRef = B0BF82672D89B0B0006F8305 /* DefaultFetchWeatherForecastUseCase.swift */; };
/* End PBXBuildFile section */

/* Begin PBXFileReference section */
		3E6E2C082D3F658E0026950A /* DefaultWeatherRepository.swift */ = {isa = PBXFileReference; lastKnownFileType = sourcecode.swift; path = DefaultWeatherRepository.swift; sourceTree = "<group>"; };
		3E6E2C0A2D3F6A3B0026950A /* NetworkService.swift */ = {isa = PBXFileReference; lastKnownFileType = sourcecode.swift; path = NetworkService.swift; sourceTree = "<group>"; };
		3E6E2C122D3F703F0026950A /* Config.plist */ = {isa = PBXFileReference; lastKnownFileType = text.plist.xml; path = Config.plist; sourceTree = "<group>"; };
		3E6E2C142D3F70D00026950A /* AppConfig.swift */ = {isa = PBXFileReference; lastKnownFileType = sourcecode.swift; path = AppConfig.swift; sourceTree = "<group>"; };
		3E6E2C162D3F755F0026950A /* WeatherResponseDTO.swift */ = {isa = PBXFileReference; lastKnownFileType = sourcecode.swift; path = WeatherResponseDTO.swift; sourceTree = "<group>"; };
		3E6E2C192D3F89020026950A /* Double+Extension.swift */ = {isa = PBXFileReference; lastKnownFileType = sourcecode.swift; path = "Double+Extension.swift"; sourceTree = "<group>"; };
		3EF2F2EA2D5DDD6A0080AC28 /* UIControl+Extension.swift */ = {isa = PBXFileReference; lastKnownFileType = sourcecode.swift; path = "UIControl+Extension.swift"; sourceTree = "<group>"; };
		B02711C92D884AC5008681DB /* WeatherDetailViewController.swift */ = {isa = PBXFileReference; lastKnownFileType = sourcecode.swift; path = WeatherDetailViewController.swift; sourceTree = "<group>"; };
		B04F073C2D3E87BF0038F50A /* iOS-Weather-Project.app */ = {isa = PBXFileReference; explicitFileType = wrapper.application; includeInIndex = 0; path = "iOS-Weather-Project.app"; sourceTree = BUILT_PRODUCTS_DIR; };
		B04F07542D3E87D10038F50A /* AppDelegate.swift */ = {isa = PBXFileReference; lastKnownFileType = sourcecode.swift; path = AppDelegate.swift; sourceTree = "<group>"; };
		B04F07552D3E87D10038F50A /* Assets.xcassets */ = {isa = PBXFileReference; lastKnownFileType = folder.assetcatalog; path = Assets.xcassets; sourceTree = "<group>"; };
		B04F07562D3E87D10038F50A /* Info.plist */ = {isa = PBXFileReference; lastKnownFileType = text.plist.xml; path = Info.plist; sourceTree = "<group>"; };
		B04F07572D3E87D10038F50A /* Base */ = {isa = PBXFileReference; lastKnownFileType = file.storyboard; name = Base; path = Base.lproj/LaunchScreen.storyboard; sourceTree = "<group>"; };
		B04F075B2D3E87D10038F50A /* SceneDelegate.swift */ = {isa = PBXFileReference; lastKnownFileType = sourcecode.swift; path = SceneDelegate.swift; sourceTree = "<group>"; };
		B04F075C2D3E87D10038F50A /* WeatherListViewController.swift */ = {isa = PBXFileReference; lastKnownFileType = sourcecode.swift; path = WeatherListViewController.swift; sourceTree = "<group>"; };
		B04F076A2D3E8A640038F50A /* WeatherListView.swift */ = {isa = PBXFileReference; lastKnownFileType = sourcecode.swift; path = WeatherListView.swift; sourceTree = "<group>"; };
		B04F076B2D3E8A640038F50A /* WeatherListView.xib */ = {isa = PBXFileReference; lastKnownFileType = file.xib; path = WeatherListView.xib; sourceTree = "<group>"; };
		B04F076E2D3E8A990038F50A /* WeatherListViewModel.swift */ = {isa = PBXFileReference; lastKnownFileType = sourcecode.swift; path = WeatherListViewModel.swift; sourceTree = "<group>"; };
		B04F07772D3E8D410038F50A /* Sets.swift */ = {isa = PBXFileReference; lastKnownFileType = sourcecode.swift; path = Sets.swift; sourceTree = "<group>"; };
		B04F07792D3E8D7B0038F50A /* +Sets.swift */ = {isa = PBXFileReference; lastKnownFileType = sourcecode.swift; path = "+Sets.swift"; sourceTree = "<group>"; };
		B04F077B2D3E8DD60038F50A /* WeatherListTableViewCell.swift */ = {isa = PBXFileReference; lastKnownFileType = sourcecode.swift; path = WeatherListTableViewCell.swift; sourceTree = "<group>"; };
		B04F077C2D3E8DD60038F50A /* WeatherListTableViewCell.xib */ = {isa = PBXFileReference; lastKnownFileType = file.xib; path = WeatherListTableViewCell.xib; sourceTree = "<group>"; };
		B04F07802D3E904F0038F50A /* CityWeather.swift */ = {isa = PBXFileReference; lastKnownFileType = sourcecode.swift; path = CityWeather.swift; sourceTree = "<group>"; };
		B04F07822D3E91A80038F50A /* DefaultFetchWeatherUseCase.swift */ = {isa = PBXFileReference; lastKnownFileType = sourcecode.swift; path = DefaultFetchWeatherUseCase.swift; sourceTree = "<group>"; };
		B05F0C3F2D899E5100F213CF /* WeatherForecastResponseDTO.swift */ = {isa = PBXFileReference; lastKnownFileType = sourcecode.swift; path = WeatherForecastResponseDTO.swift; sourceTree = "<group>"; };
		B05F0C412D899EB500F213CF /* WeatherListRouter.swift */ = {isa = PBXFileReference; lastKnownFileType = sourcecode.swift; path = WeatherListRouter.swift; sourceTree = "<group>"; };
		B05F0C432D89A08300F213CF /* WeatherDetailRouter.swift */ = {isa = PBXFileReference; lastKnownFileType = sourcecode.swift; path = WeatherDetailRouter.swift; sourceTree = "<group>"; };
		B0BF825F2D89A1B6006F8305 /* WeatherDetailView.swift */ = {isa = PBXFileReference; lastKnownFileType = sourcecode.swift; path = WeatherDetailView.swift; sourceTree = "<group>"; };
		B0BF82602D89A1B6006F8305 /* WeatherDetailView.xib */ = {isa = PBXFileReference; lastKnownFileType = file.xib; path = WeatherDetailView.xib; sourceTree = "<group>"; };
		B0BF82632D89A2EE006F8305 /* WeatherDetailViewModel.swift */ = {isa = PBXFileReference; lastKnownFileType = sourcecode.swift; path = WeatherDetailViewModel.swift; sourceTree = "<group>"; };
		B0BF82652D89AE4D006F8305 /* CityWeatherForecast.swift */ = {isa = PBXFileReference; lastKnownFileType = sourcecode.swift; path = CityWeatherForecast.swift; sourceTree = "<group>"; };
		B0BF82672D89B0B0006F8305 /* DefaultFetchWeatherForecastUseCase.swift */ = {isa = PBXFileReference; lastKnownFileType = sourcecode.swift; path = DefaultFetchWeatherForecastUseCase.swift; sourceTree = "<group>"; };
/* End PBXFileReference section */

/* Begin PBXFrameworksBuildPhase section */
		B04F07392D3E87BF0038F50A /* Frameworks */ = {
			isa = PBXFrameworksBuildPhase;
			buildActionMask = 2147483647;
			files = (
			);
			runOnlyForDeploymentPostprocessing = 0;
		};
/* End PBXFrameworksBuildPhase section */

/* Begin PBXGroup section */
		3E6E2C072D3F65110026950A /* Repository */ = {
			isa = PBXGroup;
			children = (
				3E6E2C082D3F658E0026950A /* DefaultWeatherRepository.swift */,
			);
			path = Repository;
			sourceTree = "<group>";
		};
		3E6E2C182D3F88A20026950A /* Utils */ = {
			isa = PBXGroup;
			children = (
				3EF2F2EA2D5DDD6A0080AC28 /* UIControl+Extension.swift */,
				3E6E2C192D3F89020026950A /* Double+Extension.swift */,
				B04F07772D3E8D410038F50A /* Sets.swift */,
				B04F07792D3E8D7B0038F50A /* +Sets.swift */,
			);
			path = Utils;
			sourceTree = "<group>";
		};
		B02711CD2D884ACB008681DB /* WeatherList */ = {
			isa = PBXGroup;
			children = (
				B04F077F2D3E8E0F0038F50A /* Cell */,
				B04F075C2D3E87D10038F50A /* WeatherListViewController.swift */,
				B04F076A2D3E8A640038F50A /* WeatherListView.swift */,
				B04F076B2D3E8A640038F50A /* WeatherListView.xib */,
				B05F0C412D899EB500F213CF /* WeatherListRouter.swift */,
			);
			path = WeatherList;
			sourceTree = "<group>";
		};
		B02711CE2D884AD5008681DB /* WeatherDetail */ = {
			isa = PBXGroup;
			children = (
				B02711C92D884AC5008681DB /* WeatherDetailViewController.swift */,
				B0BF825F2D89A1B6006F8305 /* WeatherDetailView.swift */,
				B0BF82602D89A1B6006F8305 /* WeatherDetailView.xib */,
				B05F0C432D89A08300F213CF /* WeatherDetailRouter.swift */,
			);
			path = WeatherDetail;
			sourceTree = "<group>";
		};
		B04F07332D3E87BF0038F50A = {
			isa = PBXGroup;
			children = (
				B04F075D2D3E87D10038F50A /* iOS-Weather-Project */,
				B04F073D2D3E87BF0038F50A /* Products */,
			);
			sourceTree = "<group>";
		};
		B04F073D2D3E87BF0038F50A /* Products */ = {
			isa = PBXGroup;
			children = (
				B04F073C2D3E87BF0038F50A /* iOS-Weather-Project.app */,
			);
			name = Products;
			sourceTree = "<group>";
		};
		B04F075D2D3E87D10038F50A /* iOS-Weather-Project */ = {
			isa = PBXGroup;
			children = (
				B04F07682D3E897F0038F50A /* Presentation */,
				B04F07692D3E89880038F50A /* Domain */,
				B04F07672D3E89790038F50A /* Data */,
				3E6E2C182D3F88A20026950A /* Utils */,
				B04F07552D3E87D10038F50A /* Assets.xcassets */,
				B04F07562D3E87D10038F50A /* Info.plist */,
				3E6E2C122D3F703F0026950A /* Config.plist */,
				B04F07582D3E87D10038F50A /* LaunchScreen.storyboard */,
				B04F075B2D3E87D10038F50A /* SceneDelegate.swift */,
				B04F07542D3E87D10038F50A /* AppDelegate.swift */,
				3E6E2C142D3F70D00026950A /* AppConfig.swift */,
			);
			path = "iOS-Weather-Project";
			sourceTree = "<group>";
		};
		B04F07672D3E89790038F50A /* Data */ = {
			isa = PBXGroup;
			children = (
				B04F07742D3E8B060038F50A /* NetWork */,
				3E6E2C072D3F65110026950A /* Repository */,
			);
			path = Data;
			sourceTree = "<group>";
		};
		B04F07682D3E897F0038F50A /* Presentation */ = {
			isa = PBXGroup;
			children = (
				B04F07702D3E8AC50038F50A /* Scene */,
				B04F07712D3E8ACE0038F50A /* ViewModel */,
			);
			path = Presentation;
			sourceTree = "<group>";
		};
		B04F07692D3E89880038F50A /* Domain */ = {
			isa = PBXGroup;
			children = (
				B04F07762D3E8B2F0038F50A /* Usecase */,
				B04F07752D3E8B230038F50A /* Entity */,
			);
			path = Domain;
			sourceTree = "<group>";
		};
		B04F07702D3E8AC50038F50A /* Scene */ = {
			isa = PBXGroup;
			children = (
				B02711CD2D884ACB008681DB /* WeatherList */,
				B02711CE2D884AD5008681DB /* WeatherDetail */,
			);
			path = Scene;
			sourceTree = "<group>";
		};
		B04F07712D3E8ACE0038F50A /* ViewModel */ = {
			isa = PBXGroup;
			children = (
				B04F076E2D3E8A990038F50A /* WeatherListViewModel.swift */,
				B0BF82632D89A2EE006F8305 /* WeatherDetailViewModel.swift */,
			);
			path = ViewModel;
			sourceTree = "<group>";
		};
		B04F07722D3E8AF90038F50A /* DTO */ = {
			isa = PBXGroup;
			children = (
				3E6E2C162D3F755F0026950A /* WeatherResponseDTO.swift */,
				B05F0C3F2D899E5100F213CF /* WeatherForecastResponseDTO.swift */,
			);
			path = DTO;
			sourceTree = "<group>";
		};
		B04F07732D3E8AFF0038F50A /* Service */ = {
			isa = PBXGroup;
			children = (
				3E6E2C0A2D3F6A3B0026950A /* NetworkService.swift */,
			);
			path = Service;
			sourceTree = "<group>";
		};
		B04F07742D3E8B060038F50A /* NetWork */ = {
			isa = PBXGroup;
			children = (
				B04F07732D3E8AFF0038F50A /* Service */,
				B04F07722D3E8AF90038F50A /* DTO */,
			);
			path = NetWork;
			sourceTree = "<group>";
		};
		B04F07752D3E8B230038F50A /* Entity */ = {
			isa = PBXGroup;
			children = (
				B04F07802D3E904F0038F50A /* CityWeather.swift */,
				B0BF82652D89AE4D006F8305 /* CityWeatherForecast.swift */,
			);
			path = Entity;
			sourceTree = "<group>";
		};
		B04F07762D3E8B2F0038F50A /* Usecase */ = {
			isa = PBXGroup;
			children = (
				B04F07822D3E91A80038F50A /* DefaultFetchWeatherUseCase.swift */,
				B0BF82672D89B0B0006F8305 /* DefaultFetchWeatherForecastUseCase.swift */,
			);
			path = Usecase;
			sourceTree = "<group>";
		};
		B04F077F2D3E8E0F0038F50A /* Cell */ = {
			isa = PBXGroup;
			children = (
				B04F077B2D3E8DD60038F50A /* WeatherListTableViewCell.swift */,
				B04F077C2D3E8DD60038F50A /* WeatherListTableViewCell.xib */,
			);
			path = Cell;
			sourceTree = "<group>";
		};
/* End PBXGroup section */

/* Begin PBXNativeTarget section */
		B04F073B2D3E87BF0038F50A /* iOS-Weather-Project */ = {
			isa = PBXNativeTarget;
			buildConfigurationList = B04F074F2D3E87C10038F50A /* Build configuration list for PBXNativeTarget "iOS-Weather-Project" */;
			buildPhases = (
				B04F07382D3E87BF0038F50A /* Sources */,
				B04F07392D3E87BF0038F50A /* Frameworks */,
				B04F073A2D3E87BF0038F50A /* Resources */,
			);
			buildRules = (
			);
			dependencies = (
			);
			name = "iOS-Weather-Project";
			packageProductDependencies = (
			);
			productName = "iOS-Weather-Project";
			productReference = B04F073C2D3E87BF0038F50A /* iOS-Weather-Project.app */;
			productType = "com.apple.product-type.application";
		};
/* End PBXNativeTarget section */

/* Begin PBXProject section */
		B04F07342D3E87BF0038F50A /* Project object */ = {
			isa = PBXProject;
			attributes = {
				BuildIndependentTargetsInParallel = 1;
				LastSwiftUpdateCheck = 1610;
				LastUpgradeCheck = 1610;
				TargetAttributes = {
					B04F073B2D3E87BF0038F50A = {
						CreatedOnToolsVersion = 16.1;
					};
				};
			};
			buildConfigurationList = B04F07372D3E87BF0038F50A /* Build configuration list for PBXProject "iOS-Weather-Project" */;
			developmentRegion = en;
			hasScannedForEncodings = 0;
			knownRegions = (
				en,
				Base,
			);
			mainGroup = B04F07332D3E87BF0038F50A;
			minimizedProjectReferenceProxies = 1;
			preferredProjectObjectVersion = 77;
			productRefGroup = B04F073D2D3E87BF0038F50A /* Products */;
			projectDirPath = "";
			projectRoot = "";
			targets = (
				B04F073B2D3E87BF0038F50A /* iOS-Weather-Project */,
			);
		};
/* End PBXProject section */

/* Begin PBXResourcesBuildPhase section */
		B04F073A2D3E87BF0038F50A /* Resources */ = {
			isa = PBXResourcesBuildPhase;
			buildActionMask = 2147483647;
			files = (
				B04F077E2D3E8DD60038F50A /* WeatherListTableViewCell.xib in Resources */,
				3E6E2C132D3F703F0026950A /* Config.plist in Resources */,
				B04F07612D3E87D10038F50A /* Assets.xcassets in Resources */,
				B04F07632D3E87D10038F50A /* LaunchScreen.storyboard in Resources */,
				B0BF82622D89A1B6006F8305 /* WeatherDetailView.xib in Resources */,
				B04F076D2D3E8A640038F50A /* WeatherListView.xib in Resources */,
			);
			runOnlyForDeploymentPostprocessing = 0;
		};
/* End PBXResourcesBuildPhase section */

/* Begin PBXSourcesBuildPhase section */
		B04F07382D3E87BF0038F50A /* Sources */ = {
			isa = PBXSourcesBuildPhase;
			buildActionMask = 2147483647;
			files = (
				B02711CC2D884AC5008681DB /* WeatherDetailViewController.swift in Sources */,
				B04F07812D3E904F0038F50A /* CityWeather.swift in Sources */,
				B0BF82662D89AE4D006F8305 /* CityWeatherForecast.swift in Sources */,
				B05F0C402D899E5100F213CF /* WeatherForecastResponseDTO.swift in Sources */,
				B04F077D2D3E8DD60038F50A /* WeatherListTableViewCell.swift in Sources */,
				3EF2F2EB2D5DDD6D0080AC28 /* UIControl+Extension.swift in Sources */,
				B04F07832D3E91A80038F50A /* DefaultFetchWeatherUseCase.swift in Sources */,
				B05F0C422D899EB500F213CF /* WeatherListRouter.swift in Sources */,
				B04F075E2D3E87D10038F50A /* AppDelegate.swift in Sources */,
				B04F075F2D3E87D10038F50A /* SceneDelegate.swift in Sources */,
				B0BF82682D89B0B0006F8305 /* DefaultFetchWeatherForecastUseCase.swift in Sources */,
				B04F07602D3E87D10038F50A /* WeatherListViewController.swift in Sources */,
				3E6E2C092D3F658E0026950A /* DefaultWeatherRepository.swift in Sources */,
				B04F076C2D3E8A640038F50A /* WeatherListView.swift in Sources */,
				3E6E2C1A2D3F89020026950A /* Double+Extension.swift in Sources */,
				B04F07782D3E8D410038F50A /* Sets.swift in Sources */,
				3E6E2C172D3F755F0026950A /* WeatherResponseDTO.swift in Sources */,
				B05F0C442D89A08300F213CF /* WeatherDetailRouter.swift in Sources */,
				B0BF82642D89A2EE006F8305 /* WeatherDetailViewModel.swift in Sources */,
				B04F077A2D3E8D7B0038F50A /* +Sets.swift in Sources */,
				3E6E2C152D3F70D00026950A /* AppConfig.swift in Sources */,
				B0BF82612D89A1B6006F8305 /* WeatherDetailView.swift in Sources */,
				3E6E2C0B2D3F6A3B0026950A /* NetworkService.swift in Sources */,
				B04F076F2D3E8A990038F50A /* WeatherListViewModel.swift in Sources */,
			);
			runOnlyForDeploymentPostprocessing = 0;
		};
/* End PBXSourcesBuildPhase section */

/* Begin PBXVariantGroup section */
		B04F07582D3E87D10038F50A /* LaunchScreen.storyboard */ = {
			isa = PBXVariantGroup;
			children = (
				B04F07572D3E87D10038F50A /* Base */,
			);
			name = LaunchScreen.storyboard;
			sourceTree = "<group>";
		};
/* End PBXVariantGroup section */

/* Begin XCBuildConfiguration section */
		B04F07502D3E87C10038F50A /* Debug */ = {
			isa = XCBuildConfiguration;
			buildSettings = {
				ASSETCATALOG_COMPILER_APPICON_NAME = AppIcon;
				ASSETCATALOG_COMPILER_GLOBAL_ACCENT_COLOR_NAME = AccentColor;
				CODE_SIGN_STYLE = Automatic;
				CURRENT_PROJECT_VERSION = 1;
				DEVELOPMENT_TEAM = SCD58U4SPR;
				GENERATE_INFOPLIST_FILE = YES;
				INFOPLIST_FILE = "iOS-Weather-Project/Info.plist";
				INFOPLIST_KEY_UIApplicationSupportsIndirectInputEvents = YES;
				INFOPLIST_KEY_UILaunchStoryboardName = LaunchScreen;
				INFOPLIST_KEY_UISupportedInterfaceOrientations_iPad = "UIInterfaceOrientationPortrait UIInterfaceOrientationPortraitUpsideDown UIInterfaceOrientationLandscapeLeft UIInterfaceOrientationLandscapeRight";
				INFOPLIST_KEY_UISupportedInterfaceOrientations_iPhone = "UIInterfaceOrientationPortrait UIInterfaceOrientationLandscapeLeft UIInterfaceOrientationLandscapeRight";
				IPHONEOS_DEPLOYMENT_TARGET = 16.5;
				LD_RUNPATH_SEARCH_PATHS = (
					"$(inherited)",
					"@executable_path/Frameworks",
				);
				MARKETING_VERSION = 1.0;
				PRODUCT_BUNDLE_IDENTIFIER = "Devchoi.iOS-Weather-Project";
				PRODUCT_NAME = "$(TARGET_NAME)";
				SWIFT_EMIT_LOC_STRINGS = YES;
				SWIFT_VERSION = 5.0;
				TARGETED_DEVICE_FAMILY = "1,2";
			};
			name = Debug;
		};
		B04F07512D3E87C10038F50A /* Release */ = {
			isa = XCBuildConfiguration;
			buildSettings = {
				ASSETCATALOG_COMPILER_APPICON_NAME = AppIcon;
				ASSETCATALOG_COMPILER_GLOBAL_ACCENT_COLOR_NAME = AccentColor;
				CODE_SIGN_STYLE = Automatic;
				CURRENT_PROJECT_VERSION = 1;
				DEVELOPMENT_TEAM = SCD58U4SPR;
				GENERATE_INFOPLIST_FILE = YES;
				INFOPLIST_FILE = "iOS-Weather-Project/Info.plist";
				INFOPLIST_KEY_UIApplicationSupportsIndirectInputEvents = YES;
				INFOPLIST_KEY_UILaunchStoryboardName = LaunchScreen;
				INFOPLIST_KEY_UISupportedInterfaceOrientations_iPad = "UIInterfaceOrientationPortrait UIInterfaceOrientationPortraitUpsideDown UIInterfaceOrientationLandscapeLeft UIInterfaceOrientationLandscapeRight";
				INFOPLIST_KEY_UISupportedInterfaceOrientations_iPhone = "UIInterfaceOrientationPortrait UIInterfaceOrientationLandscapeLeft UIInterfaceOrientationLandscapeRight";
				IPHONEOS_DEPLOYMENT_TARGET = 16.5;
				LD_RUNPATH_SEARCH_PATHS = (
					"$(inherited)",
					"@executable_path/Frameworks",
				);
				MARKETING_VERSION = 1.0;
				PRODUCT_BUNDLE_IDENTIFIER = "Devchoi.iOS-Weather-Project";
				PRODUCT_NAME = "$(TARGET_NAME)";
				SWIFT_EMIT_LOC_STRINGS = YES;
				SWIFT_VERSION = 5.0;
				TARGETED_DEVICE_FAMILY = "1,2";
			};
			name = Release;
		};
		B04F07522D3E87C10038F50A /* Debug */ = {
			isa = XCBuildConfiguration;
			buildSettings = {
				ALWAYS_SEARCH_USER_PATHS = NO;
				ASSETCATALOG_COMPILER_GENERATE_SWIFT_ASSET_SYMBOL_EXTENSIONS = YES;
				CLANG_ANALYZER_NONNULL = YES;
				CLANG_ANALYZER_NUMBER_OBJECT_CONVERSION = YES_AGGRESSIVE;
				CLANG_CXX_LANGUAGE_STANDARD = "gnu++20";
				CLANG_ENABLE_MODULES = YES;
				CLANG_ENABLE_OBJC_ARC = YES;
				CLANG_ENABLE_OBJC_WEAK = YES;
				CLANG_WARN_BLOCK_CAPTURE_AUTORELEASING = YES;
				CLANG_WARN_BOOL_CONVERSION = YES;
				CLANG_WARN_COMMA = YES;
				CLANG_WARN_CONSTANT_CONVERSION = YES;
				CLANG_WARN_DEPRECATED_OBJC_IMPLEMENTATIONS = YES;
				CLANG_WARN_DIRECT_OBJC_ISA_USAGE = YES_ERROR;
				CLANG_WARN_DOCUMENTATION_COMMENTS = YES;
				CLANG_WARN_EMPTY_BODY = YES;
				CLANG_WARN_ENUM_CONVERSION = YES;
				CLANG_WARN_INFINITE_RECURSION = YES;
				CLANG_WARN_INT_CONVERSION = YES;
				CLANG_WARN_NON_LITERAL_NULL_CONVERSION = YES;
				CLANG_WARN_OBJC_IMPLICIT_RETAIN_SELF = YES;
				CLANG_WARN_OBJC_LITERAL_CONVERSION = YES;
				CLANG_WARN_OBJC_ROOT_CLASS = YES_ERROR;
				CLANG_WARN_QUOTED_INCLUDE_IN_FRAMEWORK_HEADER = YES;
				CLANG_WARN_RANGE_LOOP_ANALYSIS = YES;
				CLANG_WARN_STRICT_PROTOTYPES = YES;
				CLANG_WARN_SUSPICIOUS_MOVE = YES;
				CLANG_WARN_UNGUARDED_AVAILABILITY = YES_AGGRESSIVE;
				CLANG_WARN_UNREACHABLE_CODE = YES;
				CLANG_WARN__DUPLICATE_METHOD_MATCH = YES;
				COPY_PHASE_STRIP = NO;
				DEBUG_INFORMATION_FORMAT = dwarf;
				ENABLE_STRICT_OBJC_MSGSEND = YES;
				ENABLE_TESTABILITY = YES;
				ENABLE_USER_SCRIPT_SANDBOXING = YES;
				GCC_C_LANGUAGE_STANDARD = gnu17;
				GCC_DYNAMIC_NO_PIC = NO;
				GCC_NO_COMMON_BLOCKS = YES;
				GCC_OPTIMIZATION_LEVEL = 0;
				GCC_PREPROCESSOR_DEFINITIONS = (
					"DEBUG=1",
					"$(inherited)",
				);
				GCC_WARN_64_TO_32_BIT_CONVERSION = YES;
				GCC_WARN_ABOUT_RETURN_TYPE = YES_ERROR;
				GCC_WARN_UNDECLARED_SELECTOR = YES;
				GCC_WARN_UNINITIALIZED_AUTOS = YES_AGGRESSIVE;
				GCC_WARN_UNUSED_FUNCTION = YES;
				GCC_WARN_UNUSED_VARIABLE = YES;
				IPHONEOS_DEPLOYMENT_TARGET = 18.1;
				LOCALIZATION_PREFERS_STRING_CATALOGS = YES;
				MTL_ENABLE_DEBUG_INFO = INCLUDE_SOURCE;
				MTL_FAST_MATH = YES;
				ONLY_ACTIVE_ARCH = YES;
				SDKROOT = iphoneos;
				SWIFT_ACTIVE_COMPILATION_CONDITIONS = "DEBUG $(inherited)";
				SWIFT_OPTIMIZATION_LEVEL = "-Onone";
			};
			name = Debug;
		};
		B04F07532D3E87C10038F50A /* Release */ = {
			isa = XCBuildConfiguration;
			buildSettings = {
				ALWAYS_SEARCH_USER_PATHS = NO;
				ASSETCATALOG_COMPILER_GENERATE_SWIFT_ASSET_SYMBOL_EXTENSIONS = YES;
				CLANG_ANALYZER_NONNULL = YES;
				CLANG_ANALYZER_NUMBER_OBJECT_CONVERSION = YES_AGGRESSIVE;
				CLANG_CXX_LANGUAGE_STANDARD = "gnu++20";
				CLANG_ENABLE_MODULES = YES;
				CLANG_ENABLE_OBJC_ARC = YES;
				CLANG_ENABLE_OBJC_WEAK = YES;
				CLANG_WARN_BLOCK_CAPTURE_AUTORELEASING = YES;
				CLANG_WARN_BOOL_CONVERSION = YES;
				CLANG_WARN_COMMA = YES;
				CLANG_WARN_CONSTANT_CONVERSION = YES;
				CLANG_WARN_DEPRECATED_OBJC_IMPLEMENTATIONS = YES;
				CLANG_WARN_DIRECT_OBJC_ISA_USAGE = YES_ERROR;
				CLANG_WARN_DOCUMENTATION_COMMENTS = YES;
				CLANG_WARN_EMPTY_BODY = YES;
				CLANG_WARN_ENUM_CONVERSION = YES;
				CLANG_WARN_INFINITE_RECURSION = YES;
				CLANG_WARN_INT_CONVERSION = YES;
				CLANG_WARN_NON_LITERAL_NULL_CONVERSION = YES;
				CLANG_WARN_OBJC_IMPLICIT_RETAIN_SELF = YES;
				CLANG_WARN_OBJC_LITERAL_CONVERSION = YES;
				CLANG_WARN_OBJC_ROOT_CLASS = YES_ERROR;
				CLANG_WARN_QUOTED_INCLUDE_IN_FRAMEWORK_HEADER = YES;
				CLANG_WARN_RANGE_LOOP_ANALYSIS = YES;
				CLANG_WARN_STRICT_PROTOTYPES = YES;
				CLANG_WARN_SUSPICIOUS_MOVE = YES;
				CLANG_WARN_UNGUARDED_AVAILABILITY = YES_AGGRESSIVE;
				CLANG_WARN_UNREACHABLE_CODE = YES;
				CLANG_WARN__DUPLICATE_METHOD_MATCH = YES;
				COPY_PHASE_STRIP = NO;
				DEBUG_INFORMATION_FORMAT = "dwarf-with-dsym";
				ENABLE_NS_ASSERTIONS = NO;
				ENABLE_STRICT_OBJC_MSGSEND = YES;
				ENABLE_USER_SCRIPT_SANDBOXING = YES;
				GCC_C_LANGUAGE_STANDARD = gnu17;
				GCC_NO_COMMON_BLOCKS = YES;
				GCC_WARN_64_TO_32_BIT_CONVERSION = YES;
				GCC_WARN_ABOUT_RETURN_TYPE = YES_ERROR;
				GCC_WARN_UNDECLARED_SELECTOR = YES;
				GCC_WARN_UNINITIALIZED_AUTOS = YES_AGGRESSIVE;
				GCC_WARN_UNUSED_FUNCTION = YES;
				GCC_WARN_UNUSED_VARIABLE = YES;
				IPHONEOS_DEPLOYMENT_TARGET = 18.1;
				LOCALIZATION_PREFERS_STRING_CATALOGS = YES;
				MTL_ENABLE_DEBUG_INFO = NO;
				MTL_FAST_MATH = YES;
				SDKROOT = iphoneos;
				SWIFT_COMPILATION_MODE = wholemodule;
				VALIDATE_PRODUCT = YES;
			};
			name = Release;
		};
/* End XCBuildConfiguration section */

/* Begin XCConfigurationList section */
		B04F07372D3E87BF0038F50A /* Build configuration list for PBXProject "iOS-Weather-Project" */ = {
			isa = XCConfigurationList;
			buildConfigurations = (
				B04F07522D3E87C10038F50A /* Debug */,
				B04F07532D3E87C10038F50A /* Release */,
			);
			defaultConfigurationIsVisible = 0;
			defaultConfigurationName = Release;
		};
		B04F074F2D3E87C10038F50A /* Build configuration list for PBXNativeTarget "iOS-Weather-Project" */ = {
			isa = XCConfigurationList;
			buildConfigurations = (
				B04F07502D3E87C10038F50A /* Debug */,
				B04F07512D3E87C10038F50A /* Release */,
			);
			defaultConfigurationIsVisible = 0;
			defaultConfigurationName = Release;
		};
/* End XCConfigurationList section */
	};
	rootObject = B04F07342D3E87BF0038F50A /* Project object */;
}
